
Microsoft Visual Studio Solution File, Format Version 12.00
# Visual Studio Version 16
VisualStudioVersion = 16.0.33529.622
MinimumVisualStudioVersion = 10.0.40219.1
Project("{FAE04EC0-301F-11D3-BF4B-00C04F79EFBC}") = "RealEstate_Dapper_Api", "RealEstate_Dapper_Api\RealEstate_Dapper_Api.csproj", "{43BA76BE-B71E-4205-9CEA-BF6F13E99A49}"
EndProject
Project("{FAE04EC0-301F-11D3-BF4B-00C04F79EFBC}") = "RealEstate_Dapper_UI", "RealEstate_Dapper_UI\RealEstate_Dapper_UI.csproj", "{9561D14D-8C2A-4DB3-BD5A-047ABD759C52}"
EndProject
Global
	GlobalSection(SolutionConfigurationPlatforms) = preSolution
		Debug|Any CPU = Debug|Any CPU
		Release|Any CPU = Release|Any CPU
	EndGlobalSection
	GlobalSection(ProjectConfigurationPlatforms) = postSolution
		{43BA76BE-B71E-4205-9CEA-BF6F13E99A49}.Debug|Any CPU.ActiveCfg = Debug|Any CPU
		{43BA76BE-B71E-4205-9CEA-BF6F13E99A49}.Debug|Any CPU.Build.0 = Debug|Any CPU
		{43BA76BE-B71E-4205-9CEA-BF6F13E99A49}.Release|Any CPU.ActiveCfg = Release|Any CPU
		{43BA76BE-B71E-4205-9CEA-BF6F13E99A49}.Release|Any CPU.Build.0 = Release|Any CPU
		{9561D14D-8C2A-4DB3-BD5A-047ABD759C52}.Debug|Any CPU.ActiveCfg = Debug|Any CPU
		{9561D14D-8C2A-4DB3-BD5A-047ABD759C52}.Debug|Any CPU.Build.0 = Debug|Any CPU
		{9561D14D-8C2A-4DB3-BD5A-047ABD759C52}.Release|Any CPU.ActiveCfg = Release|Any CPU
		{9561D14D-8C2A-4DB3-BD5A-047ABD759C52}.Release|Any CPU.Build.0 = Release|Any CPU
	EndGlobalSection
	GlobalSection(SolutionProperties) = preSolution
		HideSolutionNode = FALSE
	EndGlobalSection
	GlobalSection(ExtensibilityGlobals) = postSolution
		SolutionGuid = {69B67246-0A6C-41CF-A4F8-83DF87BFC96C}
	EndGlobalSection
EndGlobal
